
Microsoft Visual Studio Solution File, Format Version 12.00
Project("{FAE04EC0-301F-11D3-BF4B-00C04F79EFBC}") = "Tutorial", "Tutorial\Tutorial.csproj", "{A37A20E9-4145-4506-A176-8C6205CDCDD0}"
EndProject
Global
	GlobalSection(SolutionConfigurationPlatforms) = preSolution
		Debug|Any CPU = Debug|Any CPU
		Release|Any CPU = Release|Any CPU
	EndGlobalSection
	GlobalSection(ProjectConfigurationPlatforms) = postSolution
		{A37A20E9-4145-4506-A176-8C6205CDCDD0}.Debug|Any CPU.ActiveCfg = Debug|Any CPU
		{A37A20E9-4145-4506-A176-8C6205CDCDD0}.Debug|Any CPU.Build.0 = Debug|Any CPU
		{A37A20E9-4145-4506-A176-8C6205CDCDD0}.Release|Any CPU.ActiveCfg = Release|Any CPU
		{A37A20E9-4145-4506-A176-8C6205CDCDD0}.Release|Any CPU.Build.0 = Release|Any CPU
	EndGlobalSection
EndGlobal
